
Microsoft Visual Studio Solution File, Format Version 12.00
# Visual Studio Version 17
VisualStudioVersion = 17.5.33502.453
MinimumVisualStudioVersion = 10.0.40219.1
Project("{FAE04EC0-301F-11D3-BF4B-00C04F79EFBC}") = "Модуль_5_Рекурсия", "Модуль_5_Рекурсия.csproj", "{35BD093B-0085-43FE-9572-D495D41C2220}"
EndProject
Global
	GlobalSection(SolutionConfigurationPlatforms) = preSolution
		Debug|Any CPU = Debug|Any CPU
		Release|Any CPU = Release|Any CPU
	EndGlobalSection
	GlobalSection(ProjectConfigurationPlatforms) = postSolution
		{35BD093B-0085-43FE-9572-D495D41C2220}.Debug|Any CPU.ActiveCfg = Debug|Any CPU
		{35BD093B-0085-43FE-9572-D495D41C2220}.Debug|Any CPU.Build.0 = Debug|Any CPU
		{35BD093B-0085-43FE-9572-D495D41C2220}.Release|Any CPU.ActiveCfg = Release|Any CPU
		{35BD093B-0085-43FE-9572-D495D41C2220}.Release|Any CPU.Build.0 = Release|Any CPU
	EndGlobalSection
	GlobalSection(SolutionProperties) = preSolution
		HideSolutionNode = FALSE
	EndGlobalSection
	GlobalSection(ExtensibilityGlobals) = postSolution
		SolutionGuid = {8110D3F8-CA38-4B13-8C35-3F28DC63AD4D}
	EndGlobalSection
EndGlobal
